PODS:
  - NSObject+Rx (4.2.0):
    - RxSwift (~> 4.0)
  - RxCocoa (4.1.2):
    - RxSwift (~> 4.0)
  - RxSwift (4.1.2)
  - RxSwiftExt (3.2.0):
    - RxSwiftExt/Core (= 3.2.0)
  - RxSwiftExt/Core (3.2.0):
    - RxSwift (~> 4.0)
  - RxSwiftUtilities (2.0.1):
    - RxCocoa (~> 4.0)
    - RxSwift (~> 4.0)
  - SVProgressHUD (2.2.5)

DEPENDENCIES:
  - NSObject+Rx
  - RxCocoa
  - RxSwift
  - RxSwiftExt
  - RxSwiftUtilities
  - SVProgressHUD

SPEC CHECKSUMS:
  NSObject+Rx: cbbc05e3cb3ad446cdbced3e00e39c9efaf02925
  RxCocoa: d88ba0f1f6abf040011a9eb4b539324fc426843a
  RxSwift: e49536837d9901277638493ea537394d4b55f570
  RxSwiftExt: 64b7140124629a6a084159735f3714f0fb1c61d6
  RxSwiftUtilities: 0edb01ef16c527c10fb352485b62cbd951e4a04d
  SVProgressHUD: 1428aafac632c1f86f62aa4243ec12008d7a51d6

PODFILE CHECKSUM: 707f57fba7d6bc438e449f28deaccee5b1eef572

COCOAPODS: 1.4.0
